
Microsoft Visual Studio Solution File, Format Version 12.00
# Visual Studio Version 17
VisualStudioVersion = 17.2.32630.192
MinimumVisualStudioVersion = 10.0.40219.1
Project("{9A19103F-16F7-4668-BE54-9A1E7A4F7556}") = "Labb1", "Labb1\Labb1.csproj", "{673EE3A2-29FC-4628-BE2B-01C305D4D970}"
EndProject
Project("{9A19103F-16F7-4668-BE54-9A1E7A4F7556}") = "Demo", "Demo\Demo.csproj", "{169661A1-31CF-4653-ACF0-740C9E3FA5A5}"
EndProject
Project("{FAE04EC0-301F-11D3-BF4B-00C04F79EFBC}") = "Demo2", "Demo2\Demo2.csproj", "{DD1B512C-49BD-415A-9BE1-339B8CEBB519}"
EndProject
Global
	GlobalSection(SolutionConfigurationPlatforms) = preSolution
		Debug|Any CPU = Debug|Any CPU
		Release|Any CPU = Release|Any CPU
	EndGlobalSection
	GlobalSection(ProjectConfigurationPlatforms) = postSolution
		{673EE3A2-29FC-4628-BE2B-01C305D4D970}.Debug|Any CPU.ActiveCfg = Debug|Any CPU
		{673EE3A2-29FC-4628-BE2B-01C305D4D970}.Debug|Any CPU.Build.0 = Debug|Any CPU
		{673EE3A2-29FC-4628-BE2B-01C305D4D970}.Release|Any CPU.ActiveCfg = Release|Any CPU
		{673EE3A2-29FC-4628-BE2B-01C305D4D970}.Release|Any CPU.Build.0 = Release|Any CPU
		{169661A1-31CF-4653-ACF0-740C9E3FA5A5}.Debug|Any CPU.ActiveCfg = Debug|Any CPU
		{169661A1-31CF-4653-ACF0-740C9E3FA5A5}.Debug|Any CPU.Build.0 = Debug|Any CPU
		{169661A1-31CF-4653-ACF0-740C9E3FA5A5}.Release|Any CPU.ActiveCfg = Release|Any CPU
		{169661A1-31CF-4653-ACF0-740C9E3FA5A5}.Release|Any CPU.Build.0 = Release|Any CPU
		{DD1B512C-49BD-415A-9BE1-339B8CEBB519}.Debug|Any CPU.ActiveCfg = Debug|Any CPU
		{DD1B512C-49BD-415A-9BE1-339B8CEBB519}.Debug|Any CPU.Build.0 = Debug|Any CPU
		{DD1B512C-49BD-415A-9BE1-339B8CEBB519}.Release|Any CPU.ActiveCfg = Release|Any CPU
		{DD1B512C-49BD-415A-9BE1-339B8CEBB519}.Release|Any CPU.Build.0 = Release|Any CPU
	EndGlobalSection
	GlobalSection(SolutionProperties) = preSolution
		HideSolutionNode = FALSE
	EndGlobalSection
	GlobalSection(ExtensibilityGlobals) = postSolution
		SolutionGuid = {3308DE5A-64BE-4ACE-8B45-9489FE99DA00}
	EndGlobalSection
EndGlobal
